{
  "blink.cmp": { "branch": "main", "commit": "9bcb14b43852a6f2bfd5ac9ef29cb5cf09b1b39b" },
  "catppuccin": { "branch": "feat/auto-integrations", "commit": "e5e81581ef70c46906f59a6162273241305d2493" },
  "cellular-automaton.nvim": { "branch": "main", "commit": "1606e9d5d04ff254023c3f3c62842d065708d6d3" },
  "colorful-menu.nvim": { "branch": "master", "commit": "bc3e82609f2fcf7dad7ca87c20e65e51d5d9d87c" },
  "conform.nvim": { "branch": "master", "commit": "8132ec733eed3bf415b97b76797ca41b59f51d7d" },
  "everforest": { "branch": "master", "commit": "f40c2e6c8784c99c57c79edc94cd180e76450222" },
  "friendly-snippets": { "branch": "main", "commit": "572f5660cf05f8cd8834e096d7b4c921ba18e175" },
  "fzf-lua": { "branch": "main", "commit": "a4404dee0a65d3c2e2b292206d10b16567d088c9" },
  "gitsigns.nvim": { "branch": "main", "commit": "1b0350ab707713b2bc6c236151f1a324175347b1" },
  "gruvbox-material": { "branch": "master", "commit": "66cfeb7050e081a746a62dd0400446433e802368" },
  "guess-indent.nvim": { "branch": "main", "commit": "84a4987ff36798c2fc1169cbaff67960aed9776f" },
  "headlines.nvim": { "branch": "master", "commit": "bf17c96a836ea27c0a7a2650ba385a7783ed322e" },
  "lazy.nvim": { "branch": "main", "commit": "6c3bda4aca61a13a9c63f1c1d1b16b9d3be90d7a" },
  "local-highlight.nvim": { "branch": "master", "commit": "272f36f412c0a82c785c01256abf4eda4c1cb11d" },
  "markdown-preview.nvim": { "branch": "master", "commit": "a923f5fc5ba36a3b17e289dc35dc17f66d0548ee" },
  "mini.bufremove": { "branch": "main", "commit": "aaee5c281c5ca26c78d6c103ffb51dc93507e211" },
  "mini.jump": { "branch": "main", "commit": "c3db083094ab8f146d4c3897682928727082e5e7" },
  "minty": { "branch": "main", "commit": "aafc9e8e0afe6bf57580858a2849578d8d8db9e0" },
  "nvim-highlight-colors": { "branch": "main", "commit": "b42a5ccec7457b44e89f7ed3b3afb1b375bb2093" },
  "nvim-luapad": { "branch": "master", "commit": "176686eb616a5ada5dfc748f2b5109194bbe8a71" },
  "nvim-treesitter": { "branch": "master", "commit": "42fc28ba918343ebfd5565147a42a26580579482" },
  "nvim-treesitter-context": { "branch": "master", "commit": "1a1a7c5d6d75cb49bf64049dafab15ebe294a79f" },
  "nvim-treesitter-endwise": { "branch": "master", "commit": "d6cbb83307d516ec076d17c9a33d704ef626ee8c" },
  "nvim-ts-autotag": { "branch": "main", "commit": "a1d526af391f6aebb25a8795cbc05351ed3620b5" },
  "nvim-web-devicons": { "branch": "master", "commit": "9763790f68d37b44457a434920ffeb0b97949e12" },
  "oil.nvim": { "branch": "master", "commit": "08c2bce8b00fd780fb7999dbffdf7cd174e896fb" },
  "plenary.nvim": { "branch": "master", "commit": "857c5ac632080dba10aae49dba902ce3abf91b35" },
  "schemastore.nvim": { "branch": "main", "commit": "e4f80f37cd11ed58a6e914cc30850749f021b6a7" },
  "scrollEOF.nvim": { "branch": "master", "commit": "2575109749b4bf3a0bf979a17947b3c1e8c5137e" },
  "symbol-usage.nvim": { "branch": "main", "commit": "e07c07dfe7504295a369281e95a24e1afa14b243" },
  "tiny-devicons-auto-colors.nvim": { "branch": "main", "commit": "51f548421f8a74680eff27d283c9d5ea6e8d0074" },
  "treesj": { "branch": "main", "commit": "3b4a2bc42738a63de17e7485d4cc5e49970ddbcc" },
  "typr": { "branch": "main", "commit": "bdd9ef7143702851edd1dac85101e0a537056d2f" },
  "ultimate-autopair.nvim": { "branch": "v0.6", "commit": "b24b97c538b71b6de0ce9d84e47df27b6ecafd76" },
  "vim-cool": { "branch": "master", "commit": "9ea940c0d537e55de0de4c0298c04b976960fb12" },
  "vim-easy-align": { "branch": "master", "commit": "9815a55dbcd817784458df7a18acacc6f82b1241" },
  "vim-fugitive": { "branch": "master", "commit": "593f831d6f6d779cbabb70a4d1e6b1b1936a88af" },
  "vim-rhubarb": { "branch": "master", "commit": "5496d7c94581c4c9ad7430357449bb57fc59f501" },
  "vim-table-mode": { "branch": "master", "commit": "e4365bde024f73e205eefa2fb78e3029ddb92ea9" },
  "vim-wakatime": { "branch": "master", "commit": "f39c4a201ae350aaba713b59d4a4fdd88e0811aa" },
  "volt": { "branch": "main", "commit": "7b8c5e790120d9f08c8487dcb80692db6d2087a1" }
}
